{
  "name": "uni-calsync",
  "version": "0.0.1",
  "lockfileVersion": 3,
  "requires": true,
  "packages": {
    "": {
      "name": "uni-calsync",
      "version": "0.0.1",
      "dependencies": {
        "@types/firefox-webext-browser": "^111.0.0",
        "typescript": "^4.9.5"
      }
    },
    "node_modules/@types/firefox-webext-browser": {
      "version": "111.0.0",
      "resolved": "https://registry.npmjs.org/@types/firefox-webext-browser/-/firefox-webext-browser-111.0.0.tgz",
      "integrity": "sha512-KboW0ughUYzuYAvzWGJsiSMmH9AgJDvnstjsNrXMgf6cpJ5g1eBGzkqpjPzVqkOyTH/mFl7gd15+XyaVQhKywA=="
    },
    "node_modules/typescript": {
      "version": "4.9.5",
      "resolved": "https://registry.npmjs.org/typescript/-/typescript-4.9.5.tgz",
      "integrity": "sha512-1FXk9E2Hm+QzZQ7z+McJiHL4NW1F2EzMu9Nq9i3zAaGqibafqYwCVU6WyWAuyQRRzOlxou8xZSyXLEN8oKj24g==",
      "bin": {
        "tsc": "bin/tsc",
        "tsserver": "bin/tsserver"
      },
      "engines": {
        "node": ">=4.2.0"
      }
    }
  }
}
